{
  "version": 4,
  "terraform_version": "1.5.7",
  "serial": 34,
  "lineage": "34158b3b-f80f-f6ec-a441-4ee45a6bf990",
  "outputs": {
    "jumphost_private_ip": {
      "value": "10.19.10.130",
      "type": "string"
    },
    "jumphost_public_ip": {
      "value": "144.24.236.52",
      "type": "string"
    },
    "lab_name_core": {
      "value": "chzh-l-odb19eng-01",
      "type": "string"
    },
    "private_subnet_id": {
      "value": "ocid1.subnet.oc1.eu-zurich-1.aaaaaaaah5i42qcgrmfavlo7haofn5dqmclqpbz7qlvqcespsz3m45gqclwq",
      "type": "string"
    },
    "public_subnet_id": {
      "value": "ocid1.subnet.oc1.eu-zurich-1.aaaaaaaadwm7rhiresz7t4t3i3ozbta6unxtgfwh5bgmh2343zqdsciygtaa",
      "type": "string"
    },
    "vcn_id": {
      "value": "ocid1.vcn.oc1.eu-zurich-1.amaaaaaasijhdmqaycy6ynvqxfnynfflcdhfjfjw3c6x7kustm5ubudog6kq",
      "type": "string"
    }
  },
  "resources": [
    {
      "mode": "data",
      "type": "oci_core_images",
      "name": "jumphost_image",
      "provider": "provider[\"registry.terraform.io/oracle/oci\"]",
      "instances": [
        {
          "schema_version": 0,
          "attributes": {
            "compartment_id": "ocid1.compartment.oc1..aaaaaaaahmgdcd6ejo2acolul3dppkh7pdurceq2tn3b5ghrghmpsahglsqa",
            "display_name": null,
            "filter": null,
            "id": "CoreImagesDataSource-2812253627",
            "images": [
              {
                "agent_features": [],
                "base_image_id": "",
                "billable_size_in_gbs": "5",
                "compartment_id": "",
                "create_image_allowed": true,
                "defined_tags": {},
                "display_name": "Oracle-Linux-9.6-aarch64-2025.10.23-0",
                "freeform_tags": {},
                "id": "ocid1.image.oc1.eu-zurich-1.aaaaaaaadguqwy6ocfdh2s52z5rjitfb5hlox7b7qg5wq65tp4tdu3y2p3ea",
                "image_source_details": [],
                "instance_id": "",
                "launch_mode": "NATIVE",
                "launch_options": [
                  {
                    "boot_volume_type": "PARAVIRTUALIZED",
                    "firmware": "UEFI_64",
                    "is_consistent_volume_naming_enabled": true,
                    "is_pv_encryption_in_transit_enabled": true,
                    "network_type": "PARAVIRTUALIZED",
                    "remote_data_volume_type": "PARAVIRTUALIZED"
                  }
                ],
                "listing_type": "",
                "operating_system": "Oracle Linux",
                "operating_system_version": "9",
                "size_in_mbs": "47719",
                "state": "AVAILABLE",
                "time_created": "2025-11-10 05:53:18.41 +0000 UTC"
              },
              {
                "agent_features": [],
                "base_image_id": "",
                "billable_size_in_gbs": "5",
                "compartment_id": "",
                "create_image_allowed": true,
                "defined_tags": {},
                "display_name": "Oracle-Linux-9.6-aarch64-2025.09.16-0",
                "freeform_tags": {},
                "id": "ocid1.image.oc1.eu-zurich-1.aaaaaaaay2eglwhs7ztc45rsctrn7rcew7irtjk4z5lox4bve5ba75poysea",
                "image_source_details": [],
                "instance_id": "",
                "launch_mode": "NATIVE",
                "launch_options": [
                  {
                    "boot_volume_type": "PARAVIRTUALIZED",
                    "firmware": "UEFI_64",
                    "is_consistent_volume_naming_enabled": true,
                    "is_pv_encryption_in_transit_enabled": true,
                    "network_type": "PARAVIRTUALIZED",
                    "remote_data_volume_type": "PARAVIRTUALIZED"
                  }
                ],
                "listing_type": "",
                "operating_system": "Oracle Linux",
                "operating_system_version": "9",
                "size_in_mbs": "47719",
                "state": "AVAILABLE",
                "time_created": "2025-09-24 04:09:59.443 +0000 UTC"
              },
              {
                "agent_features": [],
                "base_image_id": "",
                "billable_size_in_gbs": "5",
                "compartment_id": "",
                "create_image_allowed": true,
                "defined_tags": {},
                "display_name": "Oracle-Linux-9.6-aarch64-2025.08.31-0",
                "freeform_tags": {},
                "id": "ocid1.image.oc1.eu-zurich-1.aaaaaaaaucypg43ckr6cgfr4qb5wayq5sgnnbyc62hf33f4vz2q3f54dj2pq",
                "image_source_details": [],
                "instance_id": "",
                "launch_mode": "NATIVE",
                "launch_options": [
                  {
                    "boot_volume_type": "PARAVIRTUALIZED",
                    "firmware": "UEFI_64",
                    "is_consistent_volume_naming_enabled": true,
                    "is_pv_encryption_in_transit_enabled": true,
                    "network_type": "PARAVIRTUALIZED",
                    "remote_data_volume_type": "PARAVIRTUALIZED"
                  }
                ],
                "listing_type": "",
                "operating_system": "Oracle Linux",
                "operating_system_version": "9",
                "size_in_mbs": "47719",
                "state": "AVAILABLE",
                "time_created": "2025-09-03 04:03:34.962 +0000 UTC"
              }
            ],
            "operating_system": "Oracle Linux",
            "operating_system_version": "9",
            "shape": "VM.Standard.A1.Flex",
            "sort_by": "TIMECREATED",
            "sort_order": "DESC",
            "state": null
          },
          "sensitive_attributes": []
        }
      ]
    },
    {
      "mode": "data",
      "type": "oci_identity_availability_domains",
      "name": "ads",
      "provider": "provider[\"registry.terraform.io/oracle/oci\"]",
      "instances": [
        {
          "schema_version": 0,
          "attributes": {
            "availability_domains": [
              {
                "compartment_id": "ocid1.compartment.oc1..aaaaaaaahmgdcd6ejo2acolul3dppkh7pdurceq2tn3b5ghrghmpsahglsqa",
                "id": "ocid1.availabilitydomain.oc1..aaaaaaaahcyn7jl4yxlhced4gce662epqj4bniuu7xnoub2bka7aehwqa2ta",
                "name": "EUZg:EU-ZURICH-1-AD-1"
              }
            ],
            "compartment_id": "ocid1.compartment.oc1..aaaaaaaahmgdcd6ejo2acolul3dppkh7pdurceq2tn3b5ghrghmpsahglsqa",
            "filter": null,
            "id": "IdentityAvailabilityDomainsDataSource-1344015098"
          },
          "sensitive_attributes": []
        }
      ]
    },
    {
      "module": "module.jumphost_gateway",
      "mode": "managed",
      "type": "oci_core_instance",
      "name": "jumphost",
      "provider": "provider[\"registry.terraform.io/hashicorp/oci\"]",
      "instances": [
        {
          "schema_version": 0,
          "attributes": {
            "agent_config": [
              {
                "are_all_plugins_disabled": false,
                "is_management_disabled": false,
                "is_monitoring_disabled": false,
                "plugins_config": []
              }
            ],
            "async": null,
            "availability_config": [
              {
                "is_live_migration_preferred": false,
                "recovery_action": "RESTORE_INSTANCE"
              }
            ],
            "availability_domain": "EUZg:EU-ZURICH-1-AD-1",
            "boot_volume_id": "ocid1.bootvolume.oc1.eu-zurich-1.ab5heljrw4qxfizkhnbj6okyr47qvnku6l37hdl5cz7fbhs2l7eypt2u4dba",
            "capacity_reservation_id": null,
            "cluster_placement_group_id": null,
            "compartment_id": "ocid1.compartment.oc1..aaaaaaaahmgdcd6ejo2acolul3dppkh7pdurceq2tn3b5ghrghmpsahglsqa",
            "compute_cluster_id": null,
            "create_vnic_details": [
              {
                "assign_ipv6ip": false,
                "assign_private_dns_record": false,
                "assign_public_ip": "true",
                "defined_tags": {
                  "Tenant-Default-Namespace.Tenant-Default-Tag-Key-Definition": "trivadisbdsxsp/stefan.oehrli@accenture.com"
                },
                "display_name": "ci-chzh-l-odb19eng-01-gw-01",
                "freeform_tags": {
                  "env": "l",
                  "lab_idx": "01",
                  "owner": "oehrli",
                  "project": "oradba-labs",
                  "region": "chzh",
                  "stack": "odb19eng"
                },
                "hostname_label": "gw01",
                "ipv6address_ipv6subnet_cidr_pair_details": [],
                "nsg_ids": [],
                "private_ip": "10.19.10.130",
                "security_attributes": {},
                "skip_source_dest_check": false,
                "subnet_cidr": "",
                "subnet_id": "ocid1.subnet.oc1.eu-zurich-1.aaaaaaaadwm7rhiresz7t4t3i3ozbta6unxtgfwh5bgmh2343zqdsciygtaa",
                "vlan_id": ""
              }
            ],
            "dedicated_vm_host_id": null,
            "defined_tags": {
              "Tenant-Default-Namespace.Tenant-Default-Tag-Key-Definition": "trivadisbdsxsp/stefan.oehrli@accenture.com"
            },
            "display_name": "ci-chzh-l-odb19eng-01-gw-01",
            "extended_metadata": {},
            "fault_domain": "FAULT-DOMAIN-3",
            "freeform_tags": {
              "env": "l",
              "lab_idx": "01",
              "owner": "oehrli",
              "project": "oradba-labs",
              "region": "chzh",
              "stack": "odb19eng"
            },
            "hostname_label": "gw01",
            "id": "ocid1.instance.oc1.eu-zurich-1.an5heljrsijhdmqcm7nj4qqlq65vlkkykf7ahswgmp5plozd2shvnsuztz5a",
            "image": "ocid1.image.oc1.eu-zurich-1.aaaaaaaadguqwy6ocfdh2s52z5rjitfb5hlox7b7qg5wq65tp4tdu3y2p3ea",
            "instance_configuration_id": null,
            "instance_options": [
              {
                "are_legacy_imds_endpoints_disabled": true
              }
            ],
            "ipxe_script": null,
            "is_ai_enterprise_enabled": null,
            "is_cross_numa_node": false,
            "is_pv_encryption_in_transit_enabled": true,
            "launch_mode": "PARAVIRTUALIZED",
            "launch_options": [
              {
                "boot_volume_type": "PARAVIRTUALIZED",
                "firmware": "UEFI_64",
                "is_consistent_volume_naming_enabled": true,
                "is_pv_encryption_in_transit_enabled": true,
                "network_type": "PARAVIRTUALIZED",
                "remote_data_volume_type": "PARAVIRTUALIZED"
              }
            ],
            "launch_volume_attachments": null,
            "licensing_configs": [],
            "metadata": {
              "ssh_authorized_keys": "ssh-rsa AAAAB3NzaC1yc2EAAAABIwAAAQEAttY4vfXbzVErjElIbbTre0zFOBe2gW/3BvE1MN0lC44fNCl4texidPykZFxz436WgWZETzqBKlQw0YFalMw/Z5hzfnje6BZWEdridBjf9T+WKW8s+ReosXqVKjyoj4bGmei/VhHs0/h2xcI6XUYL47AFseySHeexY9N9FF/tLbAr+4jMq+/jGruB4aTTpNRWnvLUjbk7+D+d3hk8Q/fZs68qzBx8pnuVsrQ+bvivAWUMlZ/IbrgMdmkKxIzpEPiL845wzGxZ7lxA4pMNrpv1MXWK/weHvpHLRpssKArLegoCl4suefpKpoGGSMxAdAbsX9++ScKtWQJtD3COt80eGQ== Stefan Oehrli 2048",
              "user_data": "IyAtLS0tLS0tLS0tLS0tLS0tLS0tLS0tLS0tLS0tLS0tLS0tLS0tLS0tLS0tLS0tLS0tLS0tLS0tLS0tLS0tLS0tLS0tLS0tLS0tLS0tLS0KIyBPcmFEQkEgLSBPcmFjbGUgRGF0YWJhc2UgSW5mcmFzdHJ1Y3R1cmUgYW5kIFNlY3VyaXR5LCA1NjMwIE11cmksIFN3aXR6ZXJsYW5kCiMgLS0tLS0tLS0tLS0tLS0tLS0tLS0tLS0tLS0tLS0tLS0tLS0tLS0tLS0tLS0tLS0tLS0tLS0tLS0tLS0tLS0tLS0tLS0tLS0tLS0tLS0tCiMgTmFtZS4uLi4uLi46IGp1bXBob3N0LWNsb3VkaW5pdC55YW1sLnRmdHBsCiMgQXV0aG9yLi4uLi46IFN0ZWZhbiBPZWhybGkgKG9lcykgc3RlZmFuLm9laHJsaUBvcmFkYmEuY2gKIyBFZGl0b3IuLi4uLjogU3RlZmFuIE9laHJsaQojIERhdGUuLi4uLi4uOiAyMDI1LjExLjI2CiMgVmVyc2lvbi4uLi46IHYwLjEuMAojIFB1cnBvc2UuLi4uOiBDbG91ZC1pbml0IHRlbXBsYXRlIGZvciBqdW1waG9zdC9nYXRld2F5IHByb3Zpc2lvbmluZy4KIyBOb3Rlcy4uLi4uLjogQ29uZmlndXJlcyBTU0ggaGFyZGVuaW5nLCBmaXJld2FsbCwgZmFpbDJiYW4sIGFuZCBvcHRpb25hbCBXaXJlR3VhcmQgcHJlcC4KIyBSZWZlcmVuY2UuLjogaHR0cHM6Ly9naXRodWIuY29tL29laHJsaXMvb2NpLWxhYnMtaW5mcmEKIyBMaWNlbnNlLi4uLjogQXBhY2hlIExpY2Vuc2UgVmVyc2lvbiAyLjAKIyAtLS0tLS0tLS0tLS0tLS0tLS0tLS0tLS0tLS0tLS0tLS0tLS0tLS0tLS0tLS0tLS0tLS0tLS0tLS0tLS0tLS0tLS0tLS0tLS0tLS0tLS0KIyBNb2RpZmllZC4uLjoKIyAyMDI1LjExLjI2IG9laHJsaSAtIGluaXRpYWwgdmVyc2lvbgojIC0tLS0tLS0tLS0tLS0tLS0tLS0tLS0tLS0tLS0tLS0tLS0tLS0tLS0tLS0tLS0tLS0tLS0tLS0tLS0tLS0tLS0tLS0tLS0tLS0tLS0tLQoKI2Nsb3VkLWNvbmZpZwp1c2VyczoKICAtIGRlZmF1bHQKICAtIG5hbWU6IG9wYwogICAgc3VkbzogQUxMPShBTEwpIE5PUEFTU1dEOkFMTAogICAgc3NoLWF1dGhvcml6ZWQta2V5czoKICAgICAgLSBzc2gtcnNhIEFBQUFCM056YUMxeWMyRUFBQUFCSXdBQUFRRUF0dFk0dmZYYnpWRXJqRWxJYmJUcmUwekZPQmUyZ1cvM0J2RTFNTjBsQzQ0Zk5DbDR0ZXhpZFB5a1pGeHo0MzZXZ1daRVR6cUJLbFF3MFlGYWxNdy9aNWh6Zm5qZTZCWldFZHJpZEJqZjlUK1dLVzhzK1Jlb3NYcVZLanlvajRiR21laS9WaEhzMC9oMnhjSTZYVVlMNDdBRnNleVNIZWV4WTlOOUZGL3RMYkFyKzRqTXErL2pHcnVCNGFUVHBOUldudkxVamJrNytEK2QzaGs4US9mWnM2OHF6Qng4cG51VnNyUStidml2QVdVTWxaL0licmdNZG1rS3hJenBFUGlMODQ1d3pHeFo3bHhBNHBNTnJwdjFNWFdLL3dlSHZwSExScHNzS0FyTGVnb0NsNHN1ZWZwS3BvR0dTTXhBZEFic1g5KytTY0t0V1FKdEQzQ090ODBlR1E9PSBTdGVmYW4gT2VocmxpIDIwNDgKCnBhY2thZ2VfdXBkYXRlOiB0cnVlCnBhY2thZ2VfdXBncmFkZTogdHJ1ZQoKcGFja2FnZXM6CiAgLSBmaXJld2FsbGQKICAtIGZhaWwyYmFuCgogIC0gd2lyZWd1YXJkLXRvb2xzCgoKcnVuY21kOgogICMgQ29uZmlndXJlIFNTSCBwb3J0IGFuZCBiYXNpYyBoYXJkZW5pbmcKICAtIHNlZCAtaSAncy9eI1BvcnQgMjIvUG9ydCAxNjAyMi8nIC9ldGMvc3NoL3NzaGRfY29uZmlnCiAgLSBzZWQgLWkgJ3MvXiNQYXNzd29yZEF1dGhlbnRpY2F0aW9uIHllcy9QYXNzd29yZEF1dGhlbnRpY2F0aW9uIG5vLycgL2V0Yy9zc2gvc3NoZF9jb25maWcKICAtIHN5c3RlbWN0bCByZXN0YXJ0IHNzaGQKCiAgIyBFbmFibGUgYW5kIHN0YXJ0IGZpcmV3YWxsZAogIC0gc3lzdGVtY3RsIGVuYWJsZSBmaXJld2FsbGQKICAtIHN5c3RlbWN0bCBzdGFydCBmaXJld2FsbGQKICAtIGZpcmV3YWxsLWNtZCAtLXBlcm1hbmVudCAtLWFkZC1wb3J0PTE2MDIyL3RjcAoKICAtIGZpcmV3YWxsLWNtZCAtLXBlcm1hbmVudCAtLWFkZC1wb3J0PTUxODIwL3VkcAoKICAtIGZpcmV3YWxsLWNtZCAtLXJlbG9hZAoKICAjIEVuYWJsZSBmYWlsMmJhbgogIC0gc3lzdGVtY3RsIGVuYWJsZSBmYWlsMmJhbgogIC0gc3lzdGVtY3RsIHN0YXJ0IGZhaWwyYmFuCgogICMgUGxhY2Vob2xkZXIgZm9yIFdpcmVHdWFyZCBzZXR1cCAtIHdpbGwgYmUgY29tcGxldGVkIHZpYSBBbnNpYmxlIGxhdGVyCiAgLSBlY2hvICJXaXJlR3VhcmQgcGxhY2Vob2xkZXIgLSBjb25maWd1cmUgdmlhIEFuc2libGUiID4gL3Jvb3Qvd2lyZWd1YXJkLnRvZG8KCiMgLS0tIEVPRiAtLS0tLS0tLS0tLS0tLS0tLS0tLS0tLS0tLS0tLS0tLS0tLS0tLS0tLS0tLS0tLS0tLS0tLS0tLS0tLS0tLS0tLS0tLS0tCg=="
            },
            "placement_constraint_details": [],
            "platform_config": [],
            "preemptible_instance_config": [],
            "preserve_boot_volume": null,
            "preserve_data_volumes_created_at_launch": null,
            "private_ip": "10.19.10.130",
            "public_ip": "144.24.236.52",
            "region": "eu-zurich-1",
            "security_attributes": {},
            "security_attributes_state": "STABLE",
            "shape": "VM.Standard.A1.Flex",
            "shape_config": [
              {
                "baseline_ocpu_utilization": "",
                "gpu_description": "",
                "gpus": 0,
                "local_disk_description": "",
                "local_disks": 0,
                "local_disks_total_size_in_gbs": 0,
                "max_vnic_attachments": 2,
                "memory_in_gbs": 16,
                "networking_bandwidth_in_gbps": 1,
                "nvmes": 0,
                "ocpus": 1,
                "processor_description": "3.0 GHz Ampere® Altra™",
                "resource_management": "",
                "vcpus": 1
              }
            ],
            "source_details": [
              {
                "boot_volume_size_in_gbs": "50",
                "boot_volume_vpus_per_gb": "10",
                "instance_source_image_filter_details": [],
                "is_preserve_boot_volume_enabled": false,
                "kms_key_id": "",
                "source_id": "ocid1.image.oc1.eu-zurich-1.aaaaaaaadguqwy6ocfdh2s52z5rjitfb5hlox7b7qg5wq65tp4tdu3y2p3ea",
                "source_type": "image"
              }
            ],
            "state": "RUNNING",
            "subnet_id": "ocid1.subnet.oc1.eu-zurich-1.aaaaaaaadwm7rhiresz7t4t3i3ozbta6unxtgfwh5bgmh2343zqdsciygtaa",
            "system_tags": {},
            "time_created": "2025-11-26 22:24:35.245 +0000 UTC",
            "time_maintenance_reboot_due": "",
            "timeouts": null,
            "update_operation_constraint": null
          },
          "sensitive_attributes": [],
          "private": "eyJlMmJmYjczMC1lY2FhLTExZTYtOGY4OC0zNDM2M2JjN2M0YzAiOnsiY3JlYXRlIjoyNzAwMDAwMDAwMDAwLCJkZWxldGUiOjQ1MDAwMDAwMDAwMDAsInVwZGF0ZSI6MjcwMDAwMDAwMDAwMH19",
          "dependencies": [
            "data.oci_core_images.jumphost_image",
            "data.oci_identity_availability_domains.ads",
            "module.network.oci_core_subnet.public"
          ]
        }
      ]
    },
    {
      "module": "module.network",
      "mode": "managed",
      "type": "oci_core_internet_gateway",
      "name": "igw",
      "provider": "provider[\"registry.terraform.io/hashicorp/oci\"]",
      "instances": [
        {
          "index_key": 0,
          "schema_version": 0,
          "attributes": {
            "compartment_id": "ocid1.compartment.oc1..aaaaaaaahmgdcd6ejo2acolul3dppkh7pdurceq2tn3b5ghrghmpsahglsqa",
            "defined_tags": {
              "Tenant-Default-Namespace.Tenant-Default-Tag-Key-Definition": "trivadisbdsxsp/stefan.oehrli@accenture.com"
            },
            "display_name": "igw-chzh-l-odb19eng-01-01",
            "enabled": true,
            "freeform_tags": {
              "env": "l",
              "lab_idx": "01",
              "owner": "oehrli",
              "project": "oradba-labs",
              "region": "chzh",
              "stack": "odb19eng"
            },
            "id": "ocid1.internetgateway.oc1.eu-zurich-1.aaaaaaaa5chm3suki7saorobrfuiivsw5je6hjrpuu732dmvojtqslb32dta",
            "route_table_id": null,
            "state": "AVAILABLE",
            "time_created": "2025-11-26 21:35:43.647 +0000 UTC",
            "timeouts": null,
            "vcn_id": "ocid1.vcn.oc1.eu-zurich-1.amaaaaaasijhdmqaycy6ynvqxfnynfflcdhfjfjw3c6x7kustm5ubudog6kq"
          },
          "sensitive_attributes": [],
          "private": "eyJlMmJmYjczMC1lY2FhLTExZTYtOGY4OC0zNDM2M2JjN2M0YzAiOnsiY3JlYXRlIjoxMjAwMDAwMDAwMDAwLCJkZWxldGUiOjEyMDAwMDAwMDAwMDAsInVwZGF0ZSI6MTIwMDAwMDAwMDAwMH19",
          "dependencies": [
            "module.network.oci_core_vcn.this"
          ]
        }
      ]
    },
    {
      "module": "module.network",
      "mode": "managed",
      "type": "oci_core_nat_gateway",
      "name": "nat",
      "provider": "provider[\"registry.terraform.io/hashicorp/oci\"]",
      "instances": [
        {
          "index_key": 0,
          "schema_version": 0,
          "attributes": {
            "block_traffic": false,
            "compartment_id": "ocid1.compartment.oc1..aaaaaaaahmgdcd6ejo2acolul3dppkh7pdurceq2tn3b5ghrghmpsahglsqa",
            "defined_tags": {
              "Tenant-Default-Namespace.Tenant-Default-Tag-Key-Definition": "trivadisbdsxsp/stefan.oehrli@accenture.com"
            },
            "display_name": "ngw-chzh-l-odb19eng-01-01",
            "freeform_tags": {
              "env": "l",
              "lab_idx": "01",
              "owner": "oehrli",
              "project": "oradba-labs",
              "region": "chzh",
              "stack": "odb19eng"
            },
            "id": "ocid1.natgateway.oc1.eu-zurich-1.aaaaaaaa3z6zxfu5dipu6xxpxy3dokrhkmj5kepwuknlze67bcged63v4hiq",
            "nat_ip": "144.24.251.219",
            "public_ip_id": "ocid1.publicip.oc1.eu-zurich-1.aaaaaaaah72375svwo2l3fjzo6f6t3mey6oxlr7z5q2jz3alza22ipggfufq",
            "route_table_id": null,
            "state": "AVAILABLE",
            "time_created": "2025-11-26 21:35:43.883 +0000 UTC",
            "timeouts": null,
            "vcn_id": "ocid1.vcn.oc1.eu-zurich-1.amaaaaaasijhdmqaycy6ynvqxfnynfflcdhfjfjw3c6x7kustm5ubudog6kq"
          },
          "sensitive_attributes": [],
          "private": "eyJlMmJmYjczMC1lY2FhLTExZTYtOGY4OC0zNDM2M2JjN2M0YzAiOnsiY3JlYXRlIjoxMjAwMDAwMDAwMDAwLCJkZWxldGUiOjEyMDAwMDAwMDAwMDAsInVwZGF0ZSI6MTIwMDAwMDAwMDAwMH19",
          "dependencies": [
            "module.network.oci_core_vcn.this"
          ]
        }
      ]
    },
    {
      "module": "module.network",
      "mode": "managed",
      "type": "oci_core_route_table",
      "name": "app",
      "provider": "provider[\"registry.terraform.io/hashicorp/oci\"]",
      "instances": [
        {
          "schema_version": 0,
          "attributes": {
            "compartment_id": "ocid1.compartment.oc1..aaaaaaaahmgdcd6ejo2acolul3dppkh7pdurceq2tn3b5ghrghmpsahglsqa",
            "defined_tags": {
              "Tenant-Default-Namespace.Tenant-Default-Tag-Key-Definition": "trivadisbdsxsp/stefan.oehrli@accenture.com"
            },
            "display_name": "rtb-chzh-l-odb19eng-01-app-01",
            "freeform_tags": {
              "env": "l",
              "lab_idx": "01",
              "owner": "oehrli",
              "project": "oradba-labs",
              "region": "chzh",
              "stack": "odb19eng"
            },
            "id": "ocid1.routetable.oc1.eu-zurich-1.aaaaaaaai4koraxv4u6tepdu7zll4vflzbptnfjewnccctjq4ykqg75gqq7a",
            "route_rules": [
              {
                "cidr_block": "",
                "description": "",
                "destination": "0.0.0.0/0",
                "destination_type": "CIDR_BLOCK",
                "network_entity_id": "ocid1.natgateway.oc1.eu-zurich-1.aaaaaaaa3z6zxfu5dipu6xxpxy3dokrhkmj5kepwuknlze67bcged63v4hiq",
                "route_type": "STATIC"
              }
            ],
            "state": "AVAILABLE",
            "time_created": "2025-11-26 21:35:44.704 +0000 UTC",
            "timeouts": null,
            "vcn_id": "ocid1.vcn.oc1.eu-zurich-1.amaaaaaasijhdmqaycy6ynvqxfnynfflcdhfjfjw3c6x7kustm5ubudog6kq"
          },
          "sensitive_attributes": [],
          "private": "eyJlMmJmYjczMC1lY2FhLTExZTYtOGY4OC0zNDM2M2JjN2M0YzAiOnsiY3JlYXRlIjoxMjAwMDAwMDAwMDAwLCJkZWxldGUiOjEyMDAwMDAwMDAwMDAsInVwZGF0ZSI6MTIwMDAwMDAwMDAwMH19",
          "dependencies": [
            "module.network.oci_core_nat_gateway.nat",
            "module.network.oci_core_vcn.this"
          ]
        }
      ]
    },
    {
      "module": "module.network",
      "mode": "managed",
      "type": "oci_core_route_table",
      "name": "db",
      "provider": "provider[\"registry.terraform.io/hashicorp/oci\"]",
      "instances": [
        {
          "schema_version": 0,
          "attributes": {
            "compartment_id": "ocid1.compartment.oc1..aaaaaaaahmgdcd6ejo2acolul3dppkh7pdurceq2tn3b5ghrghmpsahglsqa",
            "defined_tags": {
              "Tenant-Default-Namespace.Tenant-Default-Tag-Key-Definition": "trivadisbdsxsp/stefan.oehrli@accenture.com"
            },
            "display_name": "rtb-chzh-l-odb19eng-01-db-01",
            "freeform_tags": {
              "env": "l",
              "lab_idx": "01",
              "owner": "oehrli",
              "project": "oradba-labs",
              "region": "chzh",
              "stack": "odb19eng"
            },
            "id": "ocid1.routetable.oc1.eu-zurich-1.aaaaaaaav6y2rskcymrpxqx22nngfcakym4xdhaipclynxqeipifzvt3yjaq",
            "route_rules": [
              {
                "cidr_block": "",
                "description": "",
                "destination": "0.0.0.0/0",
                "destination_type": "CIDR_BLOCK",
                "network_entity_id": "ocid1.natgateway.oc1.eu-zurich-1.aaaaaaaa3z6zxfu5dipu6xxpxy3dokrhkmj5kepwuknlze67bcged63v4hiq",
                "route_type": "STATIC"
              }
            ],
            "state": "AVAILABLE",
            "time_created": "2025-11-26 21:35:44.645 +0000 UTC",
            "timeouts": null,
            "vcn_id": "ocid1.vcn.oc1.eu-zurich-1.amaaaaaasijhdmqaycy6ynvqxfnynfflcdhfjfjw3c6x7kustm5ubudog6kq"
          },
          "sensitive_attributes": [],
          "private": "eyJlMmJmYjczMC1lY2FhLTExZTYtOGY4OC0zNDM2M2JjN2M0YzAiOnsiY3JlYXRlIjoxMjAwMDAwMDAwMDAwLCJkZWxldGUiOjEyMDAwMDAwMDAwMDAsInVwZGF0ZSI6MTIwMDAwMDAwMDAwMH19",
          "dependencies": [
            "module.network.oci_core_nat_gateway.nat",
            "module.network.oci_core_vcn.this"
          ]
        }
      ]
    },
    {
      "module": "module.network",
      "mode": "managed",
      "type": "oci_core_route_table",
      "name": "private",
      "provider": "provider[\"registry.terraform.io/hashicorp/oci\"]",
      "instances": [
        {
          "schema_version": 0,
          "attributes": {
            "compartment_id": "ocid1.compartment.oc1..aaaaaaaahmgdcd6ejo2acolul3dppkh7pdurceq2tn3b5ghrghmpsahglsqa",
            "defined_tags": {
              "Tenant-Default-Namespace.Tenant-Default-Tag-Key-Definition": "trivadisbdsxsp/stefan.oehrli@accenture.com"
            },
            "display_name": "rtb-chzh-l-odb19eng-01-private-01",
            "freeform_tags": {
              "env": "l",
              "lab_idx": "01",
              "owner": "oehrli",
              "project": "oradba-labs",
              "region": "chzh",
              "stack": "odb19eng"
            },
            "id": "ocid1.routetable.oc1.eu-zurich-1.aaaaaaaaogmcnrq54tbysd3hq2ghrdfo4lfysv3jczbsqsg3xdeonzsq7pja",
            "route_rules": [
              {
                "cidr_block": "",
                "description": "",
                "destination": "0.0.0.0/0",
                "destination_type": "CIDR_BLOCK",
                "network_entity_id": "ocid1.natgateway.oc1.eu-zurich-1.aaaaaaaa3z6zxfu5dipu6xxpxy3dokrhkmj5kepwuknlze67bcged63v4hiq",
                "route_type": "STATIC"
              }
            ],
            "state": "AVAILABLE",
            "time_created": "2025-11-26 21:35:44.682 +0000 UTC",
            "timeouts": null,
            "vcn_id": "ocid1.vcn.oc1.eu-zurich-1.amaaaaaasijhdmqaycy6ynvqxfnynfflcdhfjfjw3c6x7kustm5ubudog6kq"
          },
          "sensitive_attributes": [],
          "private": "eyJlMmJmYjczMC1lY2FhLTExZTYtOGY4OC0zNDM2M2JjN2M0YzAiOnsiY3JlYXRlIjoxMjAwMDAwMDAwMDAwLCJkZWxldGUiOjEyMDAwMDAwMDAwMDAsInVwZGF0ZSI6MTIwMDAwMDAwMDAwMH19",
          "dependencies": [
            "module.network.oci_core_nat_gateway.nat",
            "module.network.oci_core_vcn.this"
          ]
        }
      ]
    },
    {
      "module": "module.network",
      "mode": "managed",
      "type": "oci_core_route_table",
      "name": "public",
      "provider": "provider[\"registry.terraform.io/hashicorp/oci\"]",
      "instances": [
        {
          "schema_version": 0,
          "attributes": {
            "compartment_id": "ocid1.compartment.oc1..aaaaaaaahmgdcd6ejo2acolul3dppkh7pdurceq2tn3b5ghrghmpsahglsqa",
            "defined_tags": {
              "Tenant-Default-Namespace.Tenant-Default-Tag-Key-Definition": "trivadisbdsxsp/stefan.oehrli@accenture.com"
            },
            "display_name": "rtb-chzh-l-odb19eng-01-public-01",
            "freeform_tags": {
              "env": "l",
              "lab_idx": "01",
              "owner": "oehrli",
              "project": "oradba-labs",
              "region": "chzh",
              "stack": "odb19eng"
            },
            "id": "ocid1.routetable.oc1.eu-zurich-1.aaaaaaaacxezqynrv4wiybqtux7fw463oqt7xjtcghl6wdkblyiz4abeamaa",
            "route_rules": [
              {
                "cidr_block": "",
                "description": "",
                "destination": "0.0.0.0/0",
                "destination_type": "CIDR_BLOCK",
                "network_entity_id": "ocid1.internetgateway.oc1.eu-zurich-1.aaaaaaaa5chm3suki7saorobrfuiivsw5je6hjrpuu732dmvojtqslb32dta",
                "route_type": "STATIC"
              }
            ],
            "state": "AVAILABLE",
            "time_created": "2025-11-26 21:35:43.998 +0000 UTC",
            "timeouts": null,
            "vcn_id": "ocid1.vcn.oc1.eu-zurich-1.amaaaaaasijhdmqaycy6ynvqxfnynfflcdhfjfjw3c6x7kustm5ubudog6kq"
          },
          "sensitive_attributes": [],
          "private": "eyJlMmJmYjczMC1lY2FhLTExZTYtOGY4OC0zNDM2M2JjN2M0YzAiOnsiY3JlYXRlIjoxMjAwMDAwMDAwMDAwLCJkZWxldGUiOjEyMDAwMDAwMDAwMDAsInVwZGF0ZSI6MTIwMDAwMDAwMDAwMH19",
          "dependencies": [
            "module.network.oci_core_internet_gateway.igw",
            "module.network.oci_core_vcn.this"
          ]
        }
      ]
    },
    {
      "module": "module.network",
      "mode": "managed",
      "type": "oci_core_security_list",
      "name": "app",
      "provider": "provider[\"registry.terraform.io/hashicorp/oci\"]",
      "instances": [
        {
          "schema_version": 0,
          "attributes": {
            "compartment_id": "ocid1.compartment.oc1..aaaaaaaahmgdcd6ejo2acolul3dppkh7pdurceq2tn3b5ghrghmpsahglsqa",
            "defined_tags": {
              "Tenant-Default-Namespace.Tenant-Default-Tag-Key-Definition": "trivadisbdsxsp/stefan.oehrli@accenture.com"
            },
            "display_name": "sl-chzh-l-odb19eng-01-app-01",
            "egress_security_rules": [
              {
                "description": "",
                "destination": "0.0.0.0/0",
                "destination_type": "CIDR_BLOCK",
                "icmp_options": [],
                "protocol": "all",
                "stateless": false,
                "tcp_options": [],
                "udp_options": []
              }
            ],
            "freeform_tags": {
              "env": "l",
              "lab_idx": "01",
              "owner": "oehrli",
              "project": "oradba-labs",
              "region": "chzh",
              "stack": "odb19eng"
            },
            "id": "ocid1.securitylist.oc1.eu-zurich-1.aaaaaaaasmecnmhbv77ab7b56kfbix3xte3wlb6tjgjdr36xmm3g53maprla",
            "ingress_security_rules": [
              {
                "description": "",
                "icmp_options": [],
                "protocol": "all",
                "source": "10.19.0.0/16",
                "source_type": "CIDR_BLOCK",
                "stateless": false,
                "tcp_options": [],
                "udp_options": []
              }
            ],
            "state": "AVAILABLE",
            "time_created": "2025-11-26 21:35:43.726 +0000 UTC",
            "timeouts": null,
            "vcn_id": "ocid1.vcn.oc1.eu-zurich-1.amaaaaaasijhdmqaycy6ynvqxfnynfflcdhfjfjw3c6x7kustm5ubudog6kq"
          },
          "sensitive_attributes": [],
          "private": "eyJlMmJmYjczMC1lY2FhLTExZTYtOGY4OC0zNDM2M2JjN2M0YzAiOnsiY3JlYXRlIjoxMjAwMDAwMDAwMDAwLCJkZWxldGUiOjEyMDAwMDAwMDAwMDAsInVwZGF0ZSI6MTIwMDAwMDAwMDAwMH19",
          "dependencies": [
            "module.network.oci_core_vcn.this"
          ]
        }
      ]
    },
    {
      "module": "module.network",
      "mode": "managed",
      "type": "oci_core_security_list",
      "name": "db",
      "provider": "provider[\"registry.terraform.io/hashicorp/oci\"]",
      "instances": [
        {
          "schema_version": 0,
          "attributes": {
            "compartment_id": "ocid1.compartment.oc1..aaaaaaaahmgdcd6ejo2acolul3dppkh7pdurceq2tn3b5ghrghmpsahglsqa",
            "defined_tags": {
              "Tenant-Default-Namespace.Tenant-Default-Tag-Key-Definition": "trivadisbdsxsp/stefan.oehrli@accenture.com"
            },
            "display_name": "sl-chzh-l-odb19eng-01-db-01",
            "egress_security_rules": [
              {
                "description": "",
                "destination": "0.0.0.0/0",
                "destination_type": "CIDR_BLOCK",
                "icmp_options": [],
                "protocol": "all",
                "stateless": false,
                "tcp_options": [],
                "udp_options": []
              }
            ],
            "freeform_tags": {
              "env": "l",
              "lab_idx": "01",
              "owner": "oehrli",
              "project": "oradba-labs",
              "region": "chzh",
              "stack": "odb19eng"
            },
            "id": "ocid1.securitylist.oc1.eu-zurich-1.aaaaaaaaglby4ibwatueqv4ufuh5ybfiynjckvup33ouezux4cngla4crywq",
            "ingress_security_rules": [
              {
                "description": "",
                "icmp_options": [],
                "protocol": "all",
                "source": "10.19.0.0/16",
                "source_type": "CIDR_BLOCK",
                "stateless": false,
                "tcp_options": [],
                "udp_options": []
              }
            ],
            "state": "AVAILABLE",
            "time_created": "2025-11-26 21:35:43.718 +0000 UTC",
            "timeouts": null,
            "vcn_id": "ocid1.vcn.oc1.eu-zurich-1.amaaaaaasijhdmqaycy6ynvqxfnynfflcdhfjfjw3c6x7kustm5ubudog6kq"
          },
          "sensitive_attributes": [],
          "private": "eyJlMmJmYjczMC1lY2FhLTExZTYtOGY4OC0zNDM2M2JjN2M0YzAiOnsiY3JlYXRlIjoxMjAwMDAwMDAwMDAwLCJkZWxldGUiOjEyMDAwMDAwMDAwMDAsInVwZGF0ZSI6MTIwMDAwMDAwMDAwMH19",
          "dependencies": [
            "module.network.oci_core_vcn.this"
          ]
        }
      ]
    },
    {
      "module": "module.network",
      "mode": "managed",
      "type": "oci_core_security_list",
      "name": "private",
      "provider": "provider[\"registry.terraform.io/hashicorp/oci\"]",
      "instances": [
        {
          "schema_version": 0,
          "attributes": {
            "compartment_id": "ocid1.compartment.oc1..aaaaaaaahmgdcd6ejo2acolul3dppkh7pdurceq2tn3b5ghrghmpsahglsqa",
            "defined_tags": {
              "Tenant-Default-Namespace.Tenant-Default-Tag-Key-Definition": "trivadisbdsxsp/stefan.oehrli@accenture.com"
            },
            "display_name": "sl-chzh-l-odb19eng-01-private-01",
            "egress_security_rules": [
              {
                "description": "",
                "destination": "0.0.0.0/0",
                "destination_type": "CIDR_BLOCK",
                "icmp_options": [],
                "protocol": "all",
                "stateless": false,
                "tcp_options": [],
                "udp_options": []
              }
            ],
            "freeform_tags": {
              "env": "l",
              "lab_idx": "01",
              "owner": "oehrli",
              "project": "oradba-labs",
              "region": "chzh",
              "stack": "odb19eng"
            },
            "id": "ocid1.securitylist.oc1.eu-zurich-1.aaaaaaaafpf5pfwtz5lqscxiuwkn4gega2ko4kyerci5ftt6t6hnyldbhphq",
            "ingress_security_rules": [
              {
                "description": "",
                "icmp_options": [],
                "protocol": "all",
                "source": "10.19.0.0/16",
                "source_type": "CIDR_BLOCK",
                "stateless": false,
                "tcp_options": [],
                "udp_options": []
              }
            ],
            "state": "AVAILABLE",
            "time_created": "2025-11-26 21:35:43.727 +0000 UTC",
            "timeouts": null,
            "vcn_id": "ocid1.vcn.oc1.eu-zurich-1.amaaaaaasijhdmqaycy6ynvqxfnynfflcdhfjfjw3c6x7kustm5ubudog6kq"
          },
          "sensitive_attributes": [],
          "private": "eyJlMmJmYjczMC1lY2FhLTExZTYtOGY4OC0zNDM2M2JjN2M0YzAiOnsiY3JlYXRlIjoxMjAwMDAwMDAwMDAwLCJkZWxldGUiOjEyMDAwMDAwMDAwMDAsInVwZGF0ZSI6MTIwMDAwMDAwMDAwMH19",
          "dependencies": [
            "module.network.oci_core_vcn.this"
          ]
        }
      ]
    },
    {
      "module": "module.network",
      "mode": "managed",
      "type": "oci_core_security_list",
      "name": "public",
      "provider": "provider[\"registry.terraform.io/hashicorp/oci\"]",
      "instances": [
        {
          "schema_version": 0,
          "attributes": {
            "compartment_id": "ocid1.compartment.oc1..aaaaaaaahmgdcd6ejo2acolul3dppkh7pdurceq2tn3b5ghrghmpsahglsqa",
            "defined_tags": {
              "Tenant-Default-Namespace.Tenant-Default-Tag-Key-Definition": "trivadisbdsxsp/stefan.oehrli@accenture.com"
            },
            "display_name": "sl-chzh-l-odb19eng-01-public-01",
            "egress_security_rules": [
              {
                "description": "",
                "destination": "0.0.0.0/0",
                "destination_type": "CIDR_BLOCK",
                "icmp_options": [],
                "protocol": "all",
                "stateless": false,
                "tcp_options": [],
                "udp_options": []
              }
            ],
            "freeform_tags": {
              "env": "l",
              "lab_idx": "01",
              "owner": "oehrli",
              "project": "oradba-labs",
              "region": "chzh",
              "stack": "odb19eng"
            },
            "id": "ocid1.securitylist.oc1.eu-zurich-1.aaaaaaaalwlkcd6jkxxrtzwbearii5katkocqfox3u774mn2x73vugruolfa",
            "ingress_security_rules": [
              {
                "description": "",
                "icmp_options": [],
                "protocol": "17",
                "source": "0.0.0.0/0",
                "source_type": "CIDR_BLOCK",
                "stateless": false,
                "tcp_options": [],
                "udp_options": [
                  {
                    "max": 51820,
                    "min": 51820,
                    "source_port_range": []
                  }
                ]
              },
              {
                "description": "",
                "icmp_options": [],
                "protocol": "6",
                "source": "0.0.0.0/0",
                "source_type": "CIDR_BLOCK",
                "stateless": false,
                "tcp_options": [
                  {
                    "max": 16022,
                    "min": 16022,
                    "source_port_range": []
                  }
                ],
                "udp_options": []
              }
            ],
            "state": "AVAILABLE",
            "time_created": "2025-11-26 21:35:43.742 +0000 UTC",
            "timeouts": null,
            "vcn_id": "ocid1.vcn.oc1.eu-zurich-1.amaaaaaasijhdmqaycy6ynvqxfnynfflcdhfjfjw3c6x7kustm5ubudog6kq"
          },
          "sensitive_attributes": [],
          "private": "eyJlMmJmYjczMC1lY2FhLTExZTYtOGY4OC0zNDM2M2JjN2M0YzAiOnsiY3JlYXRlIjoxMjAwMDAwMDAwMDAwLCJkZWxldGUiOjEyMDAwMDAwMDAwMDAsInVwZGF0ZSI6MTIwMDAwMDAwMDAwMH19",
          "dependencies": [
            "module.network.oci_core_vcn.this"
          ]
        }
      ]
    },
    {
      "module": "module.network",
      "mode": "managed",
      "type": "oci_core_subnet",
      "name": "app",
      "provider": "provider[\"registry.terraform.io/hashicorp/oci\"]",
      "instances": [
        {
          "schema_version": 0,
          "attributes": {
            "availability_domain": null,
            "cidr_block": "10.19.40.0/24",
            "compartment_id": "ocid1.compartment.oc1..aaaaaaaahmgdcd6ejo2acolul3dppkh7pdurceq2tn3b5ghrghmpsahglsqa",
            "defined_tags": {
              "Tenant-Default-Namespace.Tenant-Default-Tag-Key-Definition": "trivadisbdsxsp/stefan.oehrli@accenture.com"
            },
            "dhcp_options_id": "ocid1.dhcpoptions.oc1.eu-zurich-1.aaaaaaaaqpdu5trllsf5vxcokh5qwx6xciajz4i3unumhzkhsz2yh6efioxq",
            "display_name": "sn-chzh-l-odb19eng-01-app-01",
            "dns_label": "app",
            "freeform_tags": {
              "env": "l",
              "lab_idx": "01",
              "owner": "oehrli",
              "project": "oradba-labs",
              "region": "chzh",
              "stack": "odb19eng"
            },
            "id": "ocid1.subnet.oc1.eu-zurich-1.aaaaaaaamwlwred3izkad4h66cap6p5qnmx26di6vdjzqqbebdjjjokpyt7q",
            "ipv4cidr_blocks": [
              "10.19.40.0/24"
            ],
            "ipv6cidr_block": null,
            "ipv6cidr_blocks": [],
            "ipv6virtual_router_ip": null,
            "prohibit_internet_ingress": true,
            "prohibit_public_ip_on_vnic": true,
            "route_table_id": "ocid1.routetable.oc1.eu-zurich-1.aaaaaaaai4koraxv4u6tepdu7zll4vflzbptnfjewnccctjq4ykqg75gqq7a",
            "security_list_ids": [
              "ocid1.securitylist.oc1.eu-zurich-1.aaaaaaaasmecnmhbv77ab7b56kfbix3xte3wlb6tjgjdr36xmm3g53maprla"
            ],
            "state": "AVAILABLE",
            "subnet_domain_name": "app.chzhlodb19eng.oraclevcn.com",
            "time_created": "2025-11-26 21:35:45.25 +0000 UTC",
            "timeouts": null,
            "vcn_id": "ocid1.vcn.oc1.eu-zurich-1.amaaaaaasijhdmqaycy6ynvqxfnynfflcdhfjfjw3c6x7kustm5ubudog6kq",
            "virtual_router_ip": "10.19.40.1",
            "virtual_router_mac": "00:00:17:02:E4:2D"
          },
          "sensitive_attributes": [],
          "private": "eyJlMmJmYjczMC1lY2FhLTExZTYtOGY4OC0zNDM2M2JjN2M0YzAiOnsiY3JlYXRlIjoxMjAwMDAwMDAwMDAwLCJkZWxldGUiOjEyMDAwMDAwMDAwMDAsInVwZGF0ZSI6MTIwMDAwMDAwMDAwMH19",
          "dependencies": [
            "module.network.oci_core_nat_gateway.nat",
            "module.network.oci_core_route_table.app",
            "module.network.oci_core_security_list.app",
            "module.network.oci_core_vcn.this"
          ]
        }
      ]
    },
    {
      "module": "module.network",
      "mode": "managed",
      "type": "oci_core_subnet",
      "name": "db",
      "provider": "provider[\"registry.terraform.io/hashicorp/oci\"]",
      "instances": [
        {
          "schema_version": 0,
          "attributes": {
            "availability_domain": null,
            "cidr_block": "10.19.30.0/24",
            "compartment_id": "ocid1.compartment.oc1..aaaaaaaahmgdcd6ejo2acolul3dppkh7pdurceq2tn3b5ghrghmpsahglsqa",
            "defined_tags": {
              "Tenant-Default-Namespace.Tenant-Default-Tag-Key-Definition": "trivadisbdsxsp/stefan.oehrli@accenture.com"
            },
            "dhcp_options_id": "ocid1.dhcpoptions.oc1.eu-zurich-1.aaaaaaaaqpdu5trllsf5vxcokh5qwx6xciajz4i3unumhzkhsz2yh6efioxq",
            "display_name": "sn-chzh-l-odb19eng-01-db-01",
            "dns_label": "db",
            "freeform_tags": {
              "env": "l",
              "lab_idx": "01",
              "owner": "oehrli",
              "project": "oradba-labs",
              "region": "chzh",
              "stack": "odb19eng"
            },
            "id": "ocid1.subnet.oc1.eu-zurich-1.aaaaaaaadn2crpns5zscwxhi3urgwbiuv5dbgfju5jju4n7eymjvllynbpqa",
            "ipv4cidr_blocks": [
              "10.19.30.0/24"
            ],
            "ipv6cidr_block": null,
            "ipv6cidr_blocks": [],
            "ipv6virtual_router_ip": null,
            "prohibit_internet_ingress": true,
            "prohibit_public_ip_on_vnic": true,
            "route_table_id": "ocid1.routetable.oc1.eu-zurich-1.aaaaaaaav6y2rskcymrpxqx22nngfcakym4xdhaipclynxqeipifzvt3yjaq",
            "security_list_ids": [
              "ocid1.securitylist.oc1.eu-zurich-1.aaaaaaaaglby4ibwatueqv4ufuh5ybfiynjckvup33ouezux4cngla4crywq"
            ],
            "state": "AVAILABLE",
            "subnet_domain_name": "db.chzhlodb19eng.oraclevcn.com",
            "time_created": "2025-11-26 21:35:44.955 +0000 UTC",
            "timeouts": null,
            "vcn_id": "ocid1.vcn.oc1.eu-zurich-1.amaaaaaasijhdmqaycy6ynvqxfnynfflcdhfjfjw3c6x7kustm5ubudog6kq",
            "virtual_router_ip": "10.19.30.1",
            "virtual_router_mac": "00:00:17:02:E4:2D"
          },
          "sensitive_attributes": [],
          "private": "eyJlMmJmYjczMC1lY2FhLTExZTYtOGY4OC0zNDM2M2JjN2M0YzAiOnsiY3JlYXRlIjoxMjAwMDAwMDAwMDAwLCJkZWxldGUiOjEyMDAwMDAwMDAwMDAsInVwZGF0ZSI6MTIwMDAwMDAwMDAwMH19",
          "dependencies": [
            "module.network.oci_core_nat_gateway.nat",
            "module.network.oci_core_route_table.db",
            "module.network.oci_core_security_list.db",
            "module.network.oci_core_vcn.this"
          ]
        }
      ]
    },
    {
      "module": "module.network",
      "mode": "managed",
      "type": "oci_core_subnet",
      "name": "private",
      "provider": "provider[\"registry.terraform.io/hashicorp/oci\"]",
      "instances": [
        {
          "schema_version": 0,
          "attributes": {
            "availability_domain": null,
            "cidr_block": "10.19.20.0/24",
            "compartment_id": "ocid1.compartment.oc1..aaaaaaaahmgdcd6ejo2acolul3dppkh7pdurceq2tn3b5ghrghmpsahglsqa",
            "defined_tags": {
              "Tenant-Default-Namespace.Tenant-Default-Tag-Key-Definition": "trivadisbdsxsp/stefan.oehrli@accenture.com"
            },
            "dhcp_options_id": "ocid1.dhcpoptions.oc1.eu-zurich-1.aaaaaaaaqpdu5trllsf5vxcokh5qwx6xciajz4i3unumhzkhsz2yh6efioxq",
            "display_name": "sn-chzh-l-odb19eng-01-private-01",
            "dns_label": "priv",
            "freeform_tags": {
              "env": "l",
              "lab_idx": "01",
              "owner": "oehrli",
              "project": "oradba-labs",
              "region": "chzh",
              "stack": "odb19eng"
            },
            "id": "ocid1.subnet.oc1.eu-zurich-1.aaaaaaaah5i42qcgrmfavlo7haofn5dqmclqpbz7qlvqcespsz3m45gqclwq",
            "ipv4cidr_blocks": [
              "10.19.20.0/24"
            ],
            "ipv6cidr_block": null,
            "ipv6cidr_blocks": [],
            "ipv6virtual_router_ip": null,
            "prohibit_internet_ingress": true,
            "prohibit_public_ip_on_vnic": true,
            "route_table_id": "ocid1.routetable.oc1.eu-zurich-1.aaaaaaaaogmcnrq54tbysd3hq2ghrdfo4lfysv3jczbsqsg3xdeonzsq7pja",
            "security_list_ids": [
              "ocid1.securitylist.oc1.eu-zurich-1.aaaaaaaafpf5pfwtz5lqscxiuwkn4gega2ko4kyerci5ftt6t6hnyldbhphq"
            ],
            "state": "AVAILABLE",
            "subnet_domain_name": "priv.chzhlodb19eng.oraclevcn.com",
            "time_created": "2025-11-26 21:35:45.487 +0000 UTC",
            "timeouts": null,
            "vcn_id": "ocid1.vcn.oc1.eu-zurich-1.amaaaaaasijhdmqaycy6ynvqxfnynfflcdhfjfjw3c6x7kustm5ubudog6kq",
            "virtual_router_ip": "10.19.20.1",
            "virtual_router_mac": "00:00:17:02:E4:2D"
          },
          "sensitive_attributes": [],
          "private": "eyJlMmJmYjczMC1lY2FhLTExZTYtOGY4OC0zNDM2M2JjN2M0YzAiOnsiY3JlYXRlIjoxMjAwMDAwMDAwMDAwLCJkZWxldGUiOjEyMDAwMDAwMDAwMDAsInVwZGF0ZSI6MTIwMDAwMDAwMDAwMH19",
          "dependencies": [
            "module.network.oci_core_nat_gateway.nat",
            "module.network.oci_core_route_table.private",
            "module.network.oci_core_security_list.private",
            "module.network.oci_core_vcn.this"
          ]
        }
      ]
    },
    {
      "module": "module.network",
      "mode": "managed",
      "type": "oci_core_subnet",
      "name": "public",
      "provider": "provider[\"registry.terraform.io/hashicorp/oci\"]",
      "instances": [
        {
          "schema_version": 0,
          "attributes": {
            "availability_domain": null,
            "cidr_block": "10.19.10.0/24",
            "compartment_id": "ocid1.compartment.oc1..aaaaaaaahmgdcd6ejo2acolul3dppkh7pdurceq2tn3b5ghrghmpsahglsqa",
            "defined_tags": {
              "Tenant-Default-Namespace.Tenant-Default-Tag-Key-Definition": "trivadisbdsxsp/stefan.oehrli@accenture.com"
            },
            "dhcp_options_id": "ocid1.dhcpoptions.oc1.eu-zurich-1.aaaaaaaaqpdu5trllsf5vxcokh5qwx6xciajz4i3unumhzkhsz2yh6efioxq",
            "display_name": "sn-chzh-l-odb19eng-01-public-01",
            "dns_label": "pub",
            "freeform_tags": {
              "env": "l",
              "lab_idx": "01",
              "owner": "oehrli",
              "project": "oradba-labs",
              "region": "chzh",
              "stack": "odb19eng"
            },
            "id": "ocid1.subnet.oc1.eu-zurich-1.aaaaaaaadwm7rhiresz7t4t3i3ozbta6unxtgfwh5bgmh2343zqdsciygtaa",
            "ipv4cidr_blocks": [
              "10.19.10.0/24"
            ],
            "ipv6cidr_block": null,
            "ipv6cidr_blocks": [],
            "ipv6virtual_router_ip": null,
            "prohibit_internet_ingress": false,
            "prohibit_public_ip_on_vnic": false,
            "route_table_id": "ocid1.routetable.oc1.eu-zurich-1.aaaaaaaacxezqynrv4wiybqtux7fw463oqt7xjtcghl6wdkblyiz4abeamaa",
            "security_list_ids": [
              "ocid1.securitylist.oc1.eu-zurich-1.aaaaaaaalwlkcd6jkxxrtzwbearii5katkocqfox3u774mn2x73vugruolfa"
            ],
            "state": "AVAILABLE",
            "subnet_domain_name": "pub.chzhlodb19eng.oraclevcn.com",
            "time_created": "2025-11-26 21:35:44.333 +0000 UTC",
            "timeouts": null,
            "vcn_id": "ocid1.vcn.oc1.eu-zurich-1.amaaaaaasijhdmqaycy6ynvqxfnynfflcdhfjfjw3c6x7kustm5ubudog6kq",
            "virtual_router_ip": "10.19.10.1",
            "virtual_router_mac": "00:00:17:02:E4:2D"
          },
          "sensitive_attributes": [],
          "private": "eyJlMmJmYjczMC1lY2FhLTExZTYtOGY4OC0zNDM2M2JjN2M0YzAiOnsiY3JlYXRlIjoxMjAwMDAwMDAwMDAwLCJkZWxldGUiOjEyMDAwMDAwMDAwMDAsInVwZGF0ZSI6MTIwMDAwMDAwMDAwMH19",
          "dependencies": [
            "module.network.oci_core_internet_gateway.igw",
            "module.network.oci_core_route_table.public",
            "module.network.oci_core_security_list.public",
            "module.network.oci_core_vcn.this"
          ]
        }
      ]
    },
    {
      "module": "module.network",
      "mode": "managed",
      "type": "oci_core_vcn",
      "name": "this",
      "provider": "provider[\"registry.terraform.io/hashicorp/oci\"]",
      "instances": [
        {
          "schema_version": 0,
          "attributes": {
            "byoipv6cidr_blocks": [],
            "byoipv6cidr_details": [],
            "cidr_block": "10.19.0.0/16",
            "cidr_blocks": [
              "10.19.0.0/16"
            ],
            "compartment_id": "ocid1.compartment.oc1..aaaaaaaahmgdcd6ejo2acolul3dppkh7pdurceq2tn3b5ghrghmpsahglsqa",
            "default_dhcp_options_id": "ocid1.dhcpoptions.oc1.eu-zurich-1.aaaaaaaaqpdu5trllsf5vxcokh5qwx6xciajz4i3unumhzkhsz2yh6efioxq",
            "default_route_table_id": "ocid1.routetable.oc1.eu-zurich-1.aaaaaaaaogdnwoptgduwccf6k2hzzt726lryb4hml7y5lz6ktntbwabbgxmq",
            "default_security_list_id": "ocid1.securitylist.oc1.eu-zurich-1.aaaaaaaaslxyyokqnnsrjfxmbzee7x2wc7sgxgzchbquryyqdxxdfsxmyf4a",
            "defined_tags": {
              "Tenant-Default-Namespace.Tenant-Default-Tag-Key-Definition": "trivadisbdsxsp/stefan.oehrli@accenture.com"
            },
            "display_name": "vcn-chzh-l-odb19eng-01-net-01",
            "dns_label": "chzhlodb19eng",
            "freeform_tags": {
              "env": "l",
              "lab_idx": "01",
              "owner": "oehrli",
              "project": "oradba-labs",
              "region": "chzh",
              "stack": "odb19eng"
            },
            "id": "ocid1.vcn.oc1.eu-zurich-1.amaaaaaasijhdmqaycy6ynvqxfnynfflcdhfjfjw3c6x7kustm5ubudog6kq",
            "ipv6cidr_blocks": [],
            "ipv6private_cidr_blocks": [],
            "is_ipv6enabled": false,
            "is_oracle_gua_allocation_enabled": null,
            "security_attributes": {},
            "state": "AVAILABLE",
            "time_created": "2025-11-26 21:35:43.233 +0000 UTC",
            "timeouts": null,
            "vcn_domain_name": "chzhlodb19eng.oraclevcn.com"
          },
          "sensitive_attributes": [],
          "private": "eyJlMmJmYjczMC1lY2FhLTExZTYtOGY4OC0zNDM2M2JjN2M0YzAiOnsiY3JlYXRlIjoxMjAwMDAwMDAwMDAwLCJkZWxldGUiOjEyMDAwMDAwMDAwMDAsInVwZGF0ZSI6MTIwMDAwMDAwMDAwMH19"
        }
      ]
    },
    {
      "module": "module.network",
      "mode": "managed",
      "type": "oci_logging_log",
      "name": "vcn_flow",
      "provider": "provider[\"registry.terraform.io/hashicorp/oci\"]",
      "instances": [
        {
          "schema_version": 0,
          "attributes": {
            "compartment_id": "ocid1.compartment.oc1..aaaaaaaahmgdcd6ejo2acolul3dppkh7pdurceq2tn3b5ghrghmpsahglsqa",
            "configuration": [
              {
                "compartment_id": "ocid1.compartment.oc1..aaaaaaaahmgdcd6ejo2acolul3dppkh7pdurceq2tn3b5ghrghmpsahglsqa",
                "source": [
                  {
                    "category": "all",
                    "parameters": {},
                    "resource": "ocid1.subnet.oc1.eu-zurich-1.aaaaaaaah5i42qcgrmfavlo7haofn5dqmclqpbz7qlvqcespsz3m45gqclwq",
                    "service": "flowlogs",
                    "source_type": "OCISERVICE"
                  }
                ]
              }
            ],
            "defined_tags": {
              "Tenant-Default-Namespace.Tenant-Default-Tag-Key-Definition": "trivadisbdsxsp/stefan.oehrli@accenture.com"
            },
            "display_name": "log-chzh-l-odb19eng-01-vcn-flow-01",
            "freeform_tags": {
              "env": "l",
              "lab_idx": "01",
              "owner": "oehrli",
              "project": "oradba-labs",
              "region": "chzh",
              "stack": "odb19eng"
            },
            "id": "ocid1.log.oc1.eu-zurich-1.amaaaaaasijhdmqaurf5h3pgbk2evmr27wym2ndhtilgu5eaiigfewhczjfa",
            "is_enabled": true,
            "log_group_id": "ocid1.loggroup.oc1.eu-zurich-1.amaaaaaasijhdmqaearfptmejjoxhlwb7jnnawyitcd7y2z6znb2n4nvv54q",
            "log_type": "SERVICE",
            "retention_duration": 90,
            "state": "ACTIVE",
            "tenancy_id": "ocid1.tenancy.oc1..aaaaaaaac3gjl7xgpxu3mmqh2hahws2loithifufgimnjkmmac2r33dr6tfq",
            "time_created": "2025-11-26 21:53:46.977 +0000 UTC",
            "time_last_modified": "2025-11-26 21:53:46.977 +0000 UTC",
            "timeouts": null
          },
          "sensitive_attributes": [],
          "private": "eyJlMmJmYjczMC1lY2FhLTExZTYtOGY4OC0zNDM2M2JjN2M0YzAiOnsiY3JlYXRlIjoxMjAwMDAwMDAwMDAwLCJkZWxldGUiOjEyMDAwMDAwMDAwMDAsInVwZGF0ZSI6MTIwMDAwMDAwMDAwMH19",
          "dependencies": [
            "module.network.oci_core_nat_gateway.nat",
            "module.network.oci_core_route_table.private",
            "module.network.oci_core_security_list.private",
            "module.network.oci_core_subnet.private",
            "module.network.oci_core_vcn.this",
            "module.network.oci_logging_log_group.net"
          ]
        }
      ]
    },
    {
      "module": "module.network",
      "mode": "managed",
      "type": "oci_logging_log_group",
      "name": "net",
      "provider": "provider[\"registry.terraform.io/hashicorp/oci\"]",
      "instances": [
        {
          "schema_version": 0,
          "attributes": {
            "compartment_id": "ocid1.compartment.oc1..aaaaaaaahmgdcd6ejo2acolul3dppkh7pdurceq2tn3b5ghrghmpsahglsqa",
            "defined_tags": {
              "Tenant-Default-Namespace.Tenant-Default-Tag-Key-Definition": "trivadisbdsxsp/stefan.oehrli@accenture.com"
            },
            "description": null,
            "display_name": "lg-chzh-l-odb19eng-01-net-01",
            "freeform_tags": {
              "env": "l",
              "lab_idx": "01",
              "owner": "oehrli",
              "project": "oradba-labs",
              "region": "chzh",
              "stack": "odb19eng"
            },
            "id": "ocid1.loggroup.oc1.eu-zurich-1.amaaaaaasijhdmqaearfptmejjoxhlwb7jnnawyitcd7y2z6znb2n4nvv54q",
            "state": "ACTIVE",
            "time_created": "2025-11-26 21:35:43.252 +0000 UTC",
            "time_last_modified": "2025-11-26 21:35:43.252 +0000 UTC",
            "timeouts": null
          },
          "sensitive_attributes": [],
          "private": "eyJlMmJmYjczMC1lY2FhLTExZTYtOGY4OC0zNDM2M2JjN2M0YzAiOnsiY3JlYXRlIjoxMjAwMDAwMDAwMDAwLCJkZWxldGUiOjEyMDAwMDAwMDAwMDAsInVwZGF0ZSI6MTIwMDAwMDAwMDAwMH19"
        }
      ]
    }
  ],
  "check_results": null
}
